dependencies:
- name: redis
  repository: oci://registry-1.docker.io/cloudpirates
  version: 0.27.9
- name: postgres
  repository: oci://registry-1.docker.io/cloudpirates
  version: 0.19.6
- name: rustfs
  repository: oci://registry-1.docker.io/cloudpirates
  version: 0.10.0
- name: cluster
  repository: https://cloudnative-pg.github.io/charts
  version: 0.8.1
- name: meilisearch
  repository: https://meilisearch.github.io/meilisearch-kubernetes
  version: 0.39.0
- name: searxng
  repository: https://charts.kubito.dev
  version: 1.1.4
digest: sha256:6ab862b68d1dd1c92fd284190333bc3e30ae12c23a49619dfe88b655bc259c04
generated: "2026-09-19T10:08:19.617940329+02:00"
