dependencies:
- name: redis
  repository: oci://registry-1.docker.io/cloudpirates
  version: 0.27.9
- name: postgres
  repository: oci://registry-1.docker.io/cloudpirates
  version: 0.19.6
- name: rustfs
  repository: oci://registry-1.docker.io/cloudpirates
  version: 0.10.0
- name: cluster
  repository: https://cloudnative-pg.github.io/charts
  version: 0.8.1
- name: meilisearch
  repository: https://meilisearch.github.io/meilisearch-kubernetes
  version: 0.39.0
- name: searxng
  repository: https://unknowniq.github.io/helm-charts
  version: 0.1.11
digest: sha256:89140f1a2c65beea57daa83f532f4f62cca00fd6c8a35bd48d189747b3edf404
generated: "2026-09-20T19:46:01.17298843+02:00"
